
Microsoft Visual Studio Solution File, Format Version 11.00
# Visual Studio 2010
Project("{FAE04EC0-301F-11D3-BF4B-00C04F79EFBC}") = "LeapMotion", "LeapMotion.csproj", "{67c584c7-2b3d-eead-723a-31b33c2c342b}"
EndProject
Project("{FAE04EC0-301F-11D3-BF4B-00C04F79EFBC}") = "LeapMotion.LeapCSharp", "LeapMotion.LeapCSharp.csproj", "{979a57be-77a4-c061-e11f-9bb7872282a2}"
EndProject
Project("{FAE04EC0-301F-11D3-BF4B-00C04F79EFBC}") = "Assembly-CSharp", "Assembly-CSharp.csproj", "{5e915dae-48ad-6180-831c-ceb037a96263}"
EndProject
Project("{FAE04EC0-301F-11D3-BF4B-00C04F79EFBC}") = "Assembly-CSharp-firstpass", "Assembly-CSharp-firstpass.csproj", "{f03593dc-45b6-0e1e-c3d9-cf42bc9f1ede}"
EndProject
Project("{FAE04EC0-301F-11D3-BF4B-00C04F79EFBC}") = "Assembly-CSharp-Editor-firstpass", "Assembly-CSharp-Editor-firstpass.csproj", "{3576888d-957f-21b0-46f8-6087c31d508d}"
EndProject
Global
	GlobalSection(SolutionConfigurationPlatforms) = preSolution
		Debug|Any CPU = Debug|Any CPU
		Release|Any CPU = Release|Any CPU
	EndGlobalSection
	GlobalSection(ProjectConfigurationPlatforms) = postSolution
		{67c584c7-2b3d-eead-723a-31b33c2c342b}.Debug|Any CPU.ActiveCfg = Debug|Any CPU
		{67c584c7-2b3d-eead-723a-31b33c2c342b}.Debug|Any CPU.Build.0 = Debug|Any CPU
		{67c584c7-2b3d-eead-723a-31b33c2c342b}.Release|Any CPU.ActiveCfg = Release|Any CPU
		{67c584c7-2b3d-eead-723a-31b33c2c342b}.Release|Any CPU.Build.0 = Release|Any CPU
		{979a57be-77a4-c061-e11f-9bb7872282a2}.Debug|Any CPU.ActiveCfg = Debug|Any CPU
		{979a57be-77a4-c061-e11f-9bb7872282a2}.Debug|Any CPU.Build.0 = Debug|Any CPU
		{979a57be-77a4-c061-e11f-9bb7872282a2}.Release|Any CPU.ActiveCfg = Release|Any CPU
		{979a57be-77a4-c061-e11f-9bb7872282a2}.Release|Any CPU.Build.0 = Release|Any CPU
		{5e915dae-48ad-6180-831c-ceb037a96263}.Debug|Any CPU.ActiveCfg = Debug|Any CPU
		{5e915dae-48ad-6180-831c-ceb037a96263}.Debug|Any CPU.Build.0 = Debug|Any CPU
		{5e915dae-48ad-6180-831c-ceb037a96263}.Release|Any CPU.ActiveCfg = Release|Any CPU
		{5e915dae-48ad-6180-831c-ceb037a96263}.Release|Any CPU.Build.0 = Release|Any CPU
		{f03593dc-45b6-0e1e-c3d9-cf42bc9f1ede}.Debug|Any CPU.ActiveCfg = Debug|Any CPU
		{f03593dc-45b6-0e1e-c3d9-cf42bc9f1ede}.Debug|Any CPU.Build.0 = Debug|Any CPU
		{f03593dc-45b6-0e1e-c3d9-cf42bc9f1ede}.Release|Any CPU.ActiveCfg = Release|Any CPU
		{f03593dc-45b6-0e1e-c3d9-cf42bc9f1ede}.Release|Any CPU.Build.0 = Release|Any CPU
		{3576888d-957f-21b0-46f8-6087c31d508d}.Debug|Any CPU.ActiveCfg = Debug|Any CPU
		{3576888d-957f-21b0-46f8-6087c31d508d}.Debug|Any CPU.Build.0 = Debug|Any CPU
		{3576888d-957f-21b0-46f8-6087c31d508d}.Release|Any CPU.ActiveCfg = Release|Any CPU
		{3576888d-957f-21b0-46f8-6087c31d508d}.Release|Any CPU.Build.0 = Release|Any CPU
	EndGlobalSection
	GlobalSection(SolutionProperties) = preSolution
		HideSolutionNode = FALSE
	EndGlobalSection
EndGlobal
